// !$*UTF8*$!
{
	archiveVersion = 1;
	classes = {
	};
	objectVersion = 51;
	objects = {

/* Begin PBXBuildFile section */
		02BD10DA2680981A0017A1FB /* AppDelegate.swift in Sources */ = {isa = PBXBuildFile; fileRef = 02BD10D92680981A0017A1FB /* AppDelegate.swift */; };
		02BD10DC2680981A0017A1FB /* SceneDelegate.swift in Sources */ = {isa = PBXBuildFile; fileRef = 02BD10DB2680981A0017A1FB /* SceneDelegate.swift */; };
		02BD10E02680981C0017A1FB /* Assets.xcassets in Resources */ = {isa = PBXBuildFile; fileRef = 02BD10DF2680981C0017A1FB /* Assets.xcassets */; };
		02BD10E32680981C0017A1FB /* Preview Assets.xcassets in Resources */ = {isa = PBXBuildFile; fileRef = 02BD10E22680981C0017A1FB /* Preview Assets.xcassets */; };
		02BD10E62680981C0017A1FB /* LaunchScreen.storyboard in Resources */ = {isa = PBXBuildFile; fileRef = 02BD10E42680981C0017A1FB /* LaunchScreen.storyboard */; };
		02BD10F02680982C0017A1FB /* MainViewController.swift in Sources */ = {isa = PBXBuildFile; fileRef = 02BD10EF2680982C0017A1FB /* MainViewController.swift */; };
		02BD10F3268098750017A1FB /* RestaurantCell.swift in Sources */ = {isa = PBXBuildFile; fileRef = 02BD10F2268098750017A1FB /* RestaurantCell.swift */; };
		02BD10F82680A30E0017A1FB /* Loan.swift in Sources */ = {isa = PBXBuildFile; fileRef = 02BD10F72680A30E0017A1FB /* Loan.swift */; };
		02BD11092680BA830017A1FB /* BasicCell.swift in Sources */ = {isa = PBXBuildFile; fileRef = 02BD11082680BA830017A1FB /* BasicCell.swift */; };
		0CAC598F1743C0F0B3302008 /* Pods_TableVIewPractice2.framework in Frameworks */ = {isa = PBXBuildFile; fileRef = 0AB16436DD2DF48745E3F2BE /* Pods_TableVIewPractice2.framework */; };
/* End PBXBuildFile section */

/* Begin PBXFileReference section */
		02BD10D62680981A0017A1FB /* TableVIewPractice2.app */ = {isa = PBXFileReference; explicitFileType = wrapper.application; includeInIndex = 0; path = TableVIewPractice2.app; sourceTree = BUILT_PRODUCTS_DIR; };
		02BD10D92680981A0017A1FB /* AppDelegate.swift */ = {isa = PBXFileReference; lastKnownFileType = sourcecode.swift; path = AppDelegate.swift; sourceTree = "<group>"; };
		02BD10DB2680981A0017A1FB /* SceneDelegate.swift */ = {isa = PBXFileReference; lastKnownFileType = sourcecode.swift; path = SceneDelegate.swift; sourceTree = "<group>"; };
		02BD10DF2680981C0017A1FB /* Assets.xcassets */ = {isa = PBXFileReference; lastKnownFileType = folder.assetcatalog; path = Assets.xcassets; sourceTree = "<group>"; };
		02BD10E22680981C0017A1FB /* Preview Assets.xcassets */ = {isa = PBXFileReference; lastKnownFileType = folder.assetcatalog; path = "Preview Assets.xcassets"; sourceTree = "<group>"; };
		02BD10E52680981C0017A1FB /* Base */ = {isa = PBXFileReference; lastKnownFileType = file.storyboard; name = Base; path = Base.lproj/LaunchScreen.storyboard; sourceTree = "<group>"; };
		02BD10E72680981C0017A1FB /* Info.plist */ = {isa = PBXFileReference; lastKnownFileType = text.plist.xml; path = Info.plist; sourceTree = "<group>"; };
		02BD10EF2680982C0017A1FB /* MainViewController.swift */ = {isa = PBXFileReference; lastKnownFileType = sourcecode.swift; path = MainViewController.swift; sourceTree = "<group>"; };
		02BD10F2268098750017A1FB /* RestaurantCell.swift */ = {isa = PBXFileReference; lastKnownFileType = sourcecode.swift; path = RestaurantCell.swift; sourceTree = "<group>"; };
		02BD10F72680A30E0017A1FB /* Loan.swift */ = {isa = PBXFileReference; lastKnownFileType = sourcecode.swift; path = Loan.swift; sourceTree = "<group>"; };
		02BD11082680BA830017A1FB /* BasicCell.swift */ = {isa = PBXFileReference; lastKnownFileType = sourcecode.swift; path = BasicCell.swift; sourceTree = "<group>"; };
		0AB16436DD2DF48745E3F2BE /* Pods_TableVIewPractice2.framework */ = {isa = PBXFileReference; explicitFileType = wrapper.framework; includeInIndex = 0; path = Pods_TableVIewPractice2.framework; sourceTree = BUILT_PRODUCTS_DIR; };
		51DC1C1E49A360C54134DAB7 /* Pods-TableVIewPractice2.release.xcconfig */ = {isa = PBXFileReference; includeInIndex = 1; lastKnownFileType = text.xcconfig; name = "Pods-TableVIewPractice2.release.xcconfig"; path = "Target Support Files/Pods-TableVIewPractice2/Pods-TableVIewPractice2.release.xcconfig"; sourceTree = "<group>"; };
		E40C770CCDFB56A0AD9DC524 /* Pods-TableVIewPractice2.debug.xcconfig */ = {isa = PBXFileReference; includeInIndex = 1; lastKnownFileType = text.xcconfig; name = "Pods-TableVIewPractice2.debug.xcconfig"; path = "Target Support Files/Pods-TableVIewPractice2/Pods-TableVIewPractice2.debug.xcconfig"; sourceTree = "<group>"; };
/* End PBXFileReference section */

/* Begin PBXFrameworksBuildPhase section */
		02BD10D32680981A0017A1FB /* Frameworks */ = {
			isa = PBXFrameworksBuildPhase;
			buildActionMask = 2147483647;
			files = (
				0CAC598F1743C0F0B3302008 /* Pods_TableVIewPractice2.framework in Frameworks */,
			);
			runOnlyForDeploymentPostprocessing = 0;
		};
/* End PBXFrameworksBuildPhase section */

/* Begin PBXGroup section */
		02BD10CD2680981A0017A1FB = {
			isa = PBXGroup;
			children = (
				02BD10D82680981A0017A1FB /* TableVIewPractice2 */,
				02BD10D72680981A0017A1FB /* Products */,
				EDC54EB4C1B9CA632264DA06 /* Pods */,
				746C35B0CEA6C7FF957BF926 /* Frameworks */,
			);
			sourceTree = "<group>";
		};
		02BD10D72680981A0017A1FB /* Products */ = {
			isa = PBXGroup;
			children = (
				02BD10D62680981A0017A1FB /* TableVIewPractice2.app */,
			);
			name = Products;
			sourceTree = "<group>";
		};
		02BD10D82680981A0017A1FB /* TableVIewPractice2 */ = {
			isa = PBXGroup;
			children = (
				02BD10D92680981A0017A1FB /* AppDelegate.swift */,
				02BD10DB2680981A0017A1FB /* SceneDelegate.swift */,
				02BD10DF2680981C0017A1FB /* Assets.xcassets */,
				02BD10F72680A30E0017A1FB /* Loan.swift */,
				02BD10F2268098750017A1FB /* RestaurantCell.swift */,
				02BD11082680BA830017A1FB /* BasicCell.swift */,
				02BD10EF2680982C0017A1FB /* MainViewController.swift */,
				02BD10E42680981C0017A1FB /* LaunchScreen.storyboard */,
				02BD10E72680981C0017A1FB /* Info.plist */,
				02BD10E12680981C0017A1FB /* Preview Content */,
			);
			path = TableVIewPractice2;
			sourceTree = "<group>";
		};
		02BD10E12680981C0017A1FB /* Preview Content */ = {
			isa = PBXGroup;
			children = (
				02BD10E22680981C0017A1FB /* Preview Assets.xcassets */,
			);
			path = "Preview Content";
			sourceTree = "<group>";
		};
		746C35B0CEA6C7FF957BF926 /* Frameworks */ = {
			isa = PBXGroup;
			children = (
				0AB16436DD2DF48745E3F2BE /* Pods_TableVIewPractice2.framework */,
			);
			name = Frameworks;
			sourceTree = "<group>";
		};
		EDC54EB4C1B9CA632264DA06 /* Pods */ = {
			isa = PBXGroup;
			children = (
				E40C770CCDFB56A0AD9DC524 /* Pods-TableVIewPractice2.debug.xcconfig */,
				51DC1C1E49A360C54134DAB7 /* Pods-TableVIewPractice2.release.xcconfig */,
			);
			path = Pods;
			sourceTree = "<group>";
		};
/* End PBXGroup section */

/* Begin PBXNativeTarget section */
		02BD10D52680981A0017A1FB /* TableVIewPractice2 */ = {
			isa = PBXNativeTarget;
			buildConfigurationList = 02BD10EA2680981C0017A1FB /* Build configuration list for PBXNativeTarget "TableVIewPractice2" */;
			buildPhases = (
				6B9E7C1F0E93066B0528E125 /* [CP] Check Pods Manifest.lock */,
				02BD10D22680981A0017A1FB /* Sources */,
				02BD10D32680981A0017A1FB /* Frameworks */,
				02BD10D42680981A0017A1FB /* Resources */,
				1692F34604DE1100772368F1 /* [CP] Embed Pods Frameworks */,
			);
			buildRules = (
			);
			dependencies = (
			);
			name = TableVIewPractice2;
			productName = TableVIewPractice2;
			productReference = 02BD10D62680981A0017A1FB /* TableVIewPractice2.app */;
			productType = "com.apple.product-type.application";
		};
/* End PBXNativeTarget section */

/* Begin PBXProject section */
		02BD10CE2680981A0017A1FB /* Project object */ = {
			isa = PBXProject;
			attributes = {
				LastSwiftUpdateCheck = 1240;
				LastUpgradeCheck = 1240;
				TargetAttributes = {
					02BD10D52680981A0017A1FB = {
						CreatedOnToolsVersion = 12.4;
					};
				};
			};
			buildConfigurationList = 02BD10D12680981A0017A1FB /* Build configuration list for PBXProject "TableVIewPractice2" */;
			compatibilityVersion = "Xcode 9.3";
			developmentRegion = en;
			hasScannedForEncodings = 0;
			knownRegions = (
				en,
				Base,
			);
			mainGroup = 02BD10CD2680981A0017A1FB;
			productRefGroup = 02BD10D72680981A0017A1FB /* Products */;
			projectDirPath = "";
			projectRoot = "";
			targets = (
				02BD10D52680981A0017A1FB /* TableVIewPractice2 */,
			);
		};
/* End PBXProject section */

/* Begin PBXResourcesBuildPhase section */
		02BD10D42680981A0017A1FB /* Resources */ = {
			isa = PBXResourcesBuildPhase;
			buildActionMask = 2147483647;
			files = (
				02BD10E62680981C0017A1FB /* LaunchScreen.storyboard in Resources */,
				02BD10E32680981C0017A1FB /* Preview Assets.xcassets in Resources */,
				02BD10E02680981C0017A1FB /* Assets.xcassets in Resources */,
			);
			runOnlyForDeploymentPostprocessing = 0;
		};
/* End PBXResourcesBuildPhase section */

/* Begin PBXShellScriptBuildPhase section */
		1692F34604DE1100772368F1 /* [CP] Embed Pods Frameworks */ = {
			isa = PBXShellScriptBuildPhase;
			buildActionMask = 2147483647;
			files = (
			);
			inputFileListPaths = (
				"${PODS_ROOT}/Target Support Files/Pods-TableVIewPractice2/Pods-TableVIewPractice2-frameworks-${CONFIGURATION}-input-files.xcfilelist",
			);
			name = "[CP] Embed Pods Frameworks";
			outputFileListPaths = (
				"${PODS_ROOT}/Target Support Files/Pods-TableVIewPractice2/Pods-TableVIewPractice2-frameworks-${CONFIGURATION}-output-files.xcfilelist",
			);
			runOnlyForDeploymentPostprocessing = 0;
			shellPath = /bin/sh;
			shellScript = "\"${PODS_ROOT}/Target Support Files/Pods-TableVIewPractice2/Pods-TableVIewPractice2-frameworks.sh\"\n";
			showEnvVarsInLog = 0;
		};
		6B9E7C1F0E93066B0528E125 /* [CP] Check Pods Manifest.lock */ = {
			isa = PBXShellScriptBuildPhase;
			buildActionMask = 2147483647;
			files = (
			);
			inputFileListPaths = (
			);
			inputPaths = (
				"${PODS_PODFILE_DIR_PATH}/Podfile.lock",
				"${PODS_ROOT}/Manifest.lock",
			);
			name = "[CP] Check Pods Manifest.lock";
			outputFileListPaths = (
			);
			outputPaths = (
				"$(DERIVED_FILE_DIR)/Pods-TableVIewPractice2-checkManifestLockResult.txt",
			);
			runOnlyForDeploymentPostprocessing = 0;
			shellPath = /bin/sh;
			shellScript = "diff \"${PODS_PODFILE_DIR_PATH}/Podfile.lock\" \"${PODS_ROOT}/Manifest.lock\" > /dev/null\nif [ $? != 0 ] ; then\n    # print error to STDERR\n    echo \"error: The sandbox is not in sync with the Podfile.lock. Run 'pod install' or update your CocoaPods installation.\" >&2\n    exit 1\nfi\n# This output is used by Xcode 'outputs' to avoid re-running this script phase.\necho \"SUCCESS\" > \"${SCRIPT_OUTPUT_FILE_0}\"\n";
			showEnvVarsInLog = 0;
		};
/* End PBXShellScriptBuildPhase section */

/* Begin PBXSourcesBuildPhase section */
		02BD10D22680981A0017A1FB /* Sources */ = {
			isa = PBXSourcesBuildPhase;
			buildActionMask = 2147483647;
			files = (
				02BD10F3268098750017A1FB /* RestaurantCell.swift in Sources */,
				02BD10F82680A30E0017A1FB /* Loan.swift in Sources */,
				02BD10F02680982C0017A1FB /* MainViewController.swift in Sources */,
				02BD10DA2680981A0017A1FB /* AppDelegate.swift in Sources */,
				02BD11092680BA830017A1FB /* BasicCell.swift in Sources */,
				02BD10DC2680981A0017A1FB /* SceneDelegate.swift in Sources */,
			);
			runOnlyForDeploymentPostprocessing = 0;
		};
/* End PBXSourcesBuildPhase section */

/* Begin PBXVariantGroup section */
		02BD10E42680981C0017A1FB /* LaunchScreen.storyboard */ = {
			isa = PBXVariantGroup;
			children = (
				02BD10E52680981C0017A1FB /* Base */,
			);
			name = LaunchScreen.storyboard;
			sourceTree = "<group>";
		};
/* End PBXVariantGroup section */

/* Begin XCBuildConfiguration section */
		02BD10E82680981C0017A1FB /* Debug */ = {
			isa = XCBuildConfiguration;
			buildSettings = {
				ALWAYS_SEARCH_USER_PATHS = NO;
				CLANG_ANALYZER_NONNULL = YES;
				CLANG_ANALYZER_NUMBER_OBJECT_CONVERSION = YES_AGGRESSIVE;
				CLANG_CXX_LANGUAGE_STANDARD = "gnu++14";
				CLANG_CXX_LIBRARY = "libc++";
				CLANG_ENABLE_MODULES = YES;
				CLANG_ENABLE_OBJC_ARC = YES;
				CLANG_ENABLE_OBJC_WEAK = YES;
				CLANG_WARN_BLOCK_CAPTURE_AUTORELEASING = YES;
				CLANG_WARN_BOOL_CONVERSION = YES;
				CLANG_WARN_COMMA = YES;
				CLANG_WARN_CONSTANT_CONVERSION = YES;
				CLANG_WARN_DEPRECATED_OBJC_IMPLEMENTATIONS = YES;
				CLANG_WARN_DIRECT_OBJC_ISA_USAGE = YES_ERROR;
				CLANG_WARN_DOCUMENTATION_COMMENTS = YES;
				CLANG_WARN_EMPTY_BODY = YES;
				CLANG_WARN_ENUM_CONVERSION = YES;
				CLANG_WARN_INFINITE_RECURSION = YES;
				CLANG_WARN_INT_CONVERSION = YES;
				CLANG_WARN_NON_LITERAL_NULL_CONVERSION = YES;
				CLANG_WARN_OBJC_IMPLICIT_RETAIN_SELF = YES;
				CLANG_WARN_OBJC_LITERAL_CONVERSION = YES;
				CLANG_WARN_OBJC_ROOT_CLASS = YES_ERROR;
				CLANG_WARN_QUOTED_INCLUDE_IN_FRAMEWORK_HEADER = YES;
				CLANG_WARN_RANGE_LOOP_ANALYSIS = YES;
				CLANG_WARN_STRICT_PROTOTYPES = YES;
				CLANG_WARN_SUSPICIOUS_MOVE = YES;
				CLANG_WARN_UNGUARDED_AVAILABILITY = YES_AGGRESSIVE;
				CLANG_WARN_UNREACHABLE_CODE = YES;
				CLANG_WARN__DUPLICATE_METHOD_MATCH = YES;
				COPY_PHASE_STRIP = NO;
				DEBUG_INFORMATION_FORMAT = dwarf;
				ENABLE_STRICT_OBJC_MSGSEND = YES;
				ENABLE_TESTABILITY = YES;
				GCC_C_LANGUAGE_STANDARD = gnu11;
				GCC_DYNAMIC_NO_PIC = NO;
				GCC_NO_COMMON_BLOCKS = YES;
				GCC_OPTIMIZATION_LEVEL = 0;
				GCC_PREPROCESSOR_DEFINITIONS = (
					"DEBUG=1",
					"$(inherited)",
				);
				GCC_WARN_64_TO_32_BIT_CONVERSION = YES;
				GCC_WARN_ABOUT_RETURN_TYPE = YES_ERROR;
				GCC_WARN_UNDECLARED_SELECTOR = YES;
				GCC_WARN_UNINITIALIZED_AUTOS = YES_AGGRESSIVE;
				GCC_WARN_UNUSED_FUNCTION = YES;
				GCC_WARN_UNUSED_VARIABLE = YES;
				IPHONEOS_DEPLOYMENT_TARGET = 14.4;
				MTL_ENABLE_DEBUG_INFO = INCLUDE_SOURCE;
				MTL_FAST_MATH = YES;
				ONLY_ACTIVE_ARCH = YES;
				SDKROOT = iphoneos;
				SWIFT_ACTIVE_COMPILATION_CONDITIONS = DEBUG;
				SWIFT_OPTIMIZATION_LEVEL = "-Onone";
			};
			name = Debug;
		};
		02BD10E92680981C0017A1FB /* Release */ = {
			isa = XCBuildConfiguration;
			buildSettings = {
				ALWAYS_SEARCH_USER_PATHS = NO;
				CLANG_ANALYZER_NONNULL = YES;
				CLANG_ANALYZER_NUMBER_OBJECT_CONVERSION = YES_AGGRESSIVE;
				CLANG_CXX_LANGUAGE_STANDARD = "gnu++14";
				CLANG_CXX_LIBRARY = "libc++";
				CLANG_ENABLE_MODULES = YES;
				CLANG_ENABLE_OBJC_ARC = YES;
				CLANG_ENABLE_OBJC_WEAK = YES;
				CLANG_WARN_BLOCK_CAPTURE_AUTORELEASING = YES;
				CLANG_WARN_BOOL_CONVERSION = YES;
				CLANG_WARN_COMMA = YES;
				CLANG_WARN_CONSTANT_CONVERSION = YES;
				CLANG_WARN_DEPRECATED_OBJC_IMPLEMENTATIONS = YES;
				CLANG_WARN_DIRECT_OBJC_ISA_USAGE = YES_ERROR;
				CLANG_WARN_DOCUMENTATION_COMMENTS = YES;
				CLANG_WARN_EMPTY_BODY = YES;
				CLANG_WARN_ENUM_CONVERSION = YES;
				CLANG_WARN_INFINITE_RECURSION = YES;
				CLANG_WARN_INT_CONVERSION = YES;
				CLANG_WARN_NON_LITERAL_NULL_CONVERSION = YES;
				CLANG_WARN_OBJC_IMPLICIT_RETAIN_SELF = YES;
				CLANG_WARN_OBJC_LITERAL_CONVERSION = YES;
				CLANG_WARN_OBJC_ROOT_CLASS = YES_ERROR;
				CLANG_WARN_QUOTED_INCLUDE_IN_FRAMEWORK_HEADER = YES;
				CLANG_WARN_RANGE_LOOP_ANALYSIS = YES;
				CLANG_WARN_STRICT_PROTOTYPES = YES;
				CLANG_WARN_SUSPICIOUS_MOVE = YES;
				CLANG_WARN_UNGUARDED_AVAILABILITY = YES_AGGRESSIVE;
				CLANG_WARN_UNREACHABLE_CODE = YES;
				CLANG_WARN__DUPLICATE_METHOD_MATCH = YES;
				COPY_PHASE_STRIP = NO;
				DEBUG_INFORMATION_FORMAT = "dwarf-with-dsym";
				ENABLE_NS_ASSERTIONS = NO;
				ENABLE_STRICT_OBJC_MSGSEND = YES;
				GCC_C_LANGUAGE_STANDARD = gnu11;
				GCC_NO_COMMON_BLOCKS = YES;
				GCC_WARN_64_TO_32_BIT_CONVERSION = YES;
				GCC_WARN_ABOUT_RETURN_TYPE = YES_ERROR;
				GCC_WARN_UNDECLARED_SELECTOR = YES;
				GCC_WARN_UNINITIALIZED_AUTOS = YES_AGGRESSIVE;
				GCC_WARN_UNUSED_FUNCTION = YES;
				GCC_WARN_UNUSED_VARIABLE = YES;
				IPHONEOS_DEPLOYMENT_TARGET = 14.4;
				MTL_ENABLE_DEBUG_INFO = NO;
				MTL_FAST_MATH = YES;
				SDKROOT = iphoneos;
				SWIFT_COMPILATION_MODE = wholemodule;
				SWIFT_OPTIMIZATION_LEVEL = "-O";
				VALIDATE_PRODUCT = YES;
			};
			name = Release;
		};
		02BD10EB2680981C0017A1FB /* Debug */ = {
			isa = XCBuildConfiguration;
			baseConfigurationReference = E40C770CCDFB56A0AD9DC524 /* Pods-TableVIewPractice2.debug.xcconfig */;
			buildSettings = {
				ASSETCATALOG_COMPILER_APPICON_NAME = AppIcon;
				ASSETCATALOG_COMPILER_GLOBAL_ACCENT_COLOR_NAME = AccentColor;
				CODE_SIGN_STYLE = Automatic;
				DEVELOPMENT_ASSET_PATHS = "\"TableVIewPractice2/Preview Content\"";
				DEVELOPMENT_TEAM = MK3P338UQW;
				ENABLE_PREVIEWS = YES;
				INFOPLIST_FILE = TableVIewPractice2/Info.plist;
				LD_RUNPATH_SEARCH_PATHS = (
					"$(inherited)",
					"@executable_path/Frameworks",
				);
				PRODUCT_BUNDLE_IDENTIFIER = com.mizy.TableVIewPractice2;
				PRODUCT_NAME = "$(TARGET_NAME)";
				SWIFT_VERSION = 5.0;
				TARGETED_DEVICE_FAMILY = "1,2";
			};
			name = Debug;
		};
		02BD10EC2680981C0017A1FB /* Release */ = {
			isa = XCBuildConfiguration;
			baseConfigurationReference = 51DC1C1E49A360C54134DAB7 /* Pods-TableVIewPractice2.release.xcconfig */;
			buildSettings = {
				ASSETCATALOG_COMPILER_APPICON_NAME = AppIcon;
				ASSETCATALOG_COMPILER_GLOBAL_ACCENT_COLOR_NAME = AccentColor;
				CODE_SIGN_STYLE = Automatic;
				DEVELOPMENT_ASSET_PATHS = "\"TableVIewPractice2/Preview Content\"";
				DEVELOPMENT_TEAM = MK3P338UQW;
				ENABLE_PREVIEWS = YES;
				INFOPLIST_FILE = TableVIewPractice2/Info.plist;
				LD_RUNPATH_SEARCH_PATHS = (
					"$(inherited)",
					"@executable_path/Frameworks",
				);
				PRODUCT_BUNDLE_IDENTIFIER = com.mizy.TableVIewPractice2;
				PRODUCT_NAME = "$(TARGET_NAME)";
				SWIFT_VERSION = 5.0;
				TARGETED_DEVICE_FAMILY = "1,2";
			};
			name = Release;
		};
/* End XCBuildConfiguration section */

/* Begin XCConfigurationList section */
		02BD10D12680981A0017A1FB /* Build configuration list for PBXProject "TableVIewPractice2" */ = {
			isa = XCConfigurationList;
			buildConfigurations = (
				02BD10E82680981C0017A1FB /* Debug */,
				02BD10E92680981C0017A1FB /* Release */,
			);
			defaultConfigurationIsVisible = 0;
			defaultConfigurationName = Release;
		};
		02BD10EA2680981C0017A1FB /* Build configuration list for PBXNativeTarget "TableVIewPractice2" */ = {
			isa = XCConfigurationList;
			buildConfigurations = (
				02BD10EB2680981C0017A1FB /* Debug */,
				02BD10EC2680981C0017A1FB /* Release */,
			);
			defaultConfigurationIsVisible = 0;
			defaultConfigurationName = Release;
		};
/* End XCConfigurationList section */
	};
	rootObject = 02BD10CE2680981A0017A1FB /* Project object */;
}
